// !$*UTF8*$!
{
	archiveVersion = 1;
	classes = {
	};
	objectVersion = 46;
	objects = {

/* Begin PBXBuildFile section */
		D387631F1A0A08310076C8ED /* main.m in Sources */ = {isa = PBXBuildFile; fileRef = D387631E1A0A08310076C8ED /* main.m */; };
		D38763221A0A08310076C8ED /* AppDelegate.m in Sources */ = {isa = PBXBuildFile; fileRef = D38763211A0A08310076C8ED /* AppDelegate.m */; };
		D38763251A0A08310076C8ED /* ViewController.m in Sources */ = {isa = PBXBuildFile; fileRef = D38763241A0A08310076C8ED /* ViewController.m */; };
		D38763281A0A08310076C8ED /* Main.storyboard in Resources */ = {isa = PBXBuildFile; fileRef = D38763261A0A08310076C8ED /* Main.storyboard */; };
		D387632A1A0A08310076C8ED /* Images.xcassets in Resources */ = {isa = PBXBuildFile; fileRef = D38763291A0A08310076C8ED /* Images.xcassets */; };
		D387632D1A0A08310076C8ED /* LaunchScreen.xib in Resources */ = {isa = PBXBuildFile; fileRef = D387632B1A0A08310076C8ED /* LaunchScreen.xib */; };
		D38763391A0A08310076C8ED /* NSDictionToObjectTests.m in Sources */ = {isa = PBXBuildFile; fileRef = D38763381A0A08310076C8ED /* NSDictionToObjectTests.m */; };
/* End PBXBuildFile section */

/* Begin PBXContainerItemProxy section */
		D38763331A0A08310076C8ED /* PBXContainerItemProxy */ = {
			isa = PBXContainerItemProxy;
			containerPortal = D38763111A0A08310076C8ED /* Project object */;
			proxyType = 1;
			remoteGlobalIDString = D38763181A0A08310076C8ED;
			remoteInfo = NSDictionToObject;
		};
/* End PBXContainerItemProxy section */

/* Begin PBXFileReference section */
		D38763191A0A08310076C8ED /* NSDictionToObject.app */ = {isa = PBXFileReference; explicitFileType = wrapper.application; includeInIndex = 0; path = NSDictionToObject.app; sourceTree = BUILT_PRODUCTS_DIR; };
		D387631D1A0A08310076C8ED /* Info.plist */ = {isa = PBXFileReference; lastKnownFileType = text.plist.xml; path = Info.plist; sourceTree = "<group>"; };
		D387631E1A0A08310076C8ED /* main.m */ = {isa = PBXFileReference; lastKnownFileType = sourcecode.c.objc; path = main.m; sourceTree = "<group>"; };
		D38763201A0A08310076C8ED /* AppDelegate.h */ = {isa = PBXFileReference; lastKnownFileType = sourcecode.c.h; path = AppDelegate.h; sourceTree = "<group>"; };
		D38763211A0A08310076C8ED /* AppDelegate.m */ = {isa = PBXFileReference; lastKnownFileType = sourcecode.c.objc; path = AppDelegate.m; sourceTree = "<group>"; };
		D38763231A0A08310076C8ED /* ViewController.h */ = {isa = PBXFileReference; lastKnownFileType = sourcecode.c.h; path = ViewController.h; sourceTree = "<group>"; };
		D38763241A0A08310076C8ED /* ViewController.m */ = {isa = PBXFileReference; lastKnownFileType = sourcecode.c.objc; path = ViewController.m; sourceTree = "<group>"; };
		D38763271A0A08310076C8ED /* Base */ = {isa = PBXFileReference; lastKnownFileType = file.storyboard; name = Base; path = Base.lproj/Main.storyboard; sourceTree = "<group>"; };
		D38763291A0A08310076C8ED /* Images.xcassets */ = {isa = PBXFileReference; lastKnownFileType = folder.assetcatalog; path = Images.xcassets; sourceTree = "<group>"; };
		D387632C1A0A08310076C8ED /* Base */ = {isa = PBXFileReference; lastKnownFileType = file.xib; name = Base; path = Base.lproj/LaunchScreen.xib; sourceTree = "<group>"; };
		D38763321A0A08310076C8ED /* NSDictionToObjectTests.xctest */ = {isa = PBXFileReference; explicitFileType = wrapper.cfbundle; includeInIndex = 0; path = NSDictionToObjectTests.xctest; sourceTree = BUILT_PRODUCTS_DIR; };
		D38763371A0A08310076C8ED /* Info.plist */ = {isa = PBXFileReference; lastKnownFileType = text.plist.xml; path = Info.plist; sourceTree = "<group>"; };
		D38763381A0A08310076C8ED /* NSDictionToObjectTests.m */ = {isa = PBXFileReference; lastKnownFileType = sourcecode.c.objc; path = NSDictionToObjectTests.m; sourceTree = "<group>"; };
/* End PBXFileReference section */

/* Begin PBXFrameworksBuildPhase section */
		D38763161A0A08310076C8ED /* Frameworks */ = {
			isa = PBXFrameworksBuildPhase;
			buildActionMask = 2147483647;
			files = (
			);
			runOnlyForDeploymentPostprocessing = 0;
		};
		D387632F1A0A08310076C8ED /* Frameworks */ = {
			isa = PBXFrameworksBuildPhase;
			buildActionMask = 2147483647;
			files = (
			);
			runOnlyForDeploymentPostprocessing = 0;
		};
/* End PBXFrameworksBuildPhase section */

/* Begin PBXGroup section */
		D38763101A0A08310076C8ED = {
			isa = PBXGroup;
			children = (
				D387631B1A0A08310076C8ED /* NSDictionToObject */,
				D38763351A0A08310076C8ED /* NSDictionToObjectTests */,
				D387631A1A0A08310076C8ED /* Products */,
			);
			sourceTree = "<group>";
		};
		D387631A1A0A08310076C8ED /* Products */ = {
			isa = PBXGroup;
			children = (
				D38763191A0A08310076C8ED /* NSDictionToObject.app */,
				D38763321A0A08310076C8ED /* NSDictionToObjectTests.xctest */,
			);
			name = Products;
			sourceTree = "<group>";
		};
		D387631B1A0A08310076C8ED /* NSDictionToObject */ = {
			isa = PBXGroup;
			children = (
				D38763201A0A08310076C8ED /* AppDelegate.h */,
				D38763211A0A08310076C8ED /* AppDelegate.m */,
				D38763231A0A08310076C8ED /* ViewController.h */,
				D38763241A0A08310076C8ED /* ViewController.m */,
				D38763261A0A08310076C8ED /* Main.storyboard */,
				D38763291A0A08310076C8ED /* Images.xcassets */,
				D387632B1A0A08310076C8ED /* LaunchScreen.xib */,
				D387631C1A0A08310076C8ED /* Supporting Files */,
			);
			path = NSDictionToObject;
			sourceTree = "<group>";
		};
		D387631C1A0A08310076C8ED /* Supporting Files */ = {
			isa = PBXGroup;
			children = (
				D387631D1A0A08310076C8ED /* Info.plist */,
				D387631E1A0A08310076C8ED /* main.m */,
			);
			name = "Supporting Files";
			sourceTree = "<group>";
		};
		D38763351A0A08310076C8ED /* NSDictionToObjectTests */ = {
			isa = PBXGroup;
			children = (
				D38763381A0A08310076C8ED /* NSDictionToObjectTests.m */,
				D38763361A0A08310076C8ED /* Supporting Files */,
			);
			path = NSDictionToObjectTests;
			sourceTree = "<group>";
		};
		D38763361A0A08310076C8ED /* Supporting Files */ = {
			isa = PBXGroup;
			children = (
				D38763371A0A08310076C8ED /* Info.plist */,
			);
			name = "Supporting Files";
			sourceTree = "<group>";
		};
/* End PBXGroup section */

/* Begin PBXNativeTarget section */
		D38763181A0A08310076C8ED /* NSDictionToObject */ = {
			isa = PBXNativeTarget;
			buildConfigurationList = D387633C1A0A08310076C8ED /* Build configuration list for PBXNativeTarget "NSDictionToObject" */;
			buildPhases = (
				D38763151A0A08310076C8ED /* Sources */,
				D38763161A0A08310076C8ED /* Frameworks */,
				D38763171A0A08310076C8ED /* Resources */,
			);
			buildRules = (
			);
			dependencies = (
			);
			name = NSDictionToObject;
			productName = NSDictionToObject;
			productReference = D38763191A0A08310076C8ED /* NSDictionToObject.app */;
			productType = "com.apple.product-type.application";
		};
		D38763311A0A08310076C8ED /* NSDictionToObjectTests */ = {
			isa = PBXNativeTarget;
			buildConfigurationList = D387633F1A0A08310076C8ED /* Build configuration list for PBXNativeTarget "NSDictionToObjectTests" */;
			buildPhases = (
				D387632E1A0A08310076C8ED /* Sources */,
				D387632F1A0A08310076C8ED /* Frameworks */,
				D38763301A0A08310076C8ED /* Resources */,
			);
			buildRules = (
			);
			dependencies = (
				D38763341A0A08310076C8ED /* PBXTargetDependency */,
			);
			name = NSDictionToObjectTests;
			productName = NSDictionToObjectTests;
			productReference = D38763321A0A08310076C8ED /* NSDictionToObjectTests.xctest */;
			productType = "com.apple.product-type.bundle.unit-test";
		};
/* End PBXNativeTarget section */

/* Begin PBXProject section */
		D38763111A0A08310076C8ED /* Project object */ = {
			isa = PBXProject;
			attributes = {
				LastUpgradeCheck = 0610;
				ORGANIZATIONNAME = WY;
				TargetAttributes = {
					D38763181A0A08310076C8ED = {
						CreatedOnToolsVersion = 6.1;
					};
					D38763311A0A08310076C8ED = {
						CreatedOnToolsVersion = 6.1;
						TestTargetID = D38763181A0A08310076C8ED;
					};
				};
			};
			buildConfigurationList = D38763141A0A08310076C8ED /* Build configuration list for PBXProject "NSDictionToObject" */;
			compatibilityVersion = "Xcode 3.2";
			developmentRegion = English;
			hasScannedForEncodings = 0;
			knownRegions = (
				en,
				Base,
			);
			mainGroup = D38763101A0A08310076C8ED;
			productRefGroup = D387631A1A0A08310076C8ED /* Products */;
			projectDirPath = "";
			projectRoot = "";
			targets = (
				D38763181A0A08310076C8ED /* NSDictionToObject */,
				D38763311A0A08310076C8ED /* NSDictionToObjectTests */,
			);
		};
/* End PBXProject section */

/* Begin PBXResourcesBuildPhase section */
		D38763171A0A08310076C8ED /* Resources */ = {
			isa = PBXResourcesBuildPhase;
			buildActionMask = 2147483647;
			files = (
				D38763281A0A08310076C8ED /* Main.storyboard in Resources */,
				D387632D1A0A08310076C8ED /* LaunchScreen.xib in Resources */,
				D387632A1A0A08310076C8ED /* Images.xcassets in Resources */,
			);
			runOnlyForDeploymentPostprocessing = 0;
		};
		D38763301A0A08310076C8ED /* Resources */ = {
			isa = PBXResourcesBuildPhase;
			buildActionMask = 2147483647;
			files = (
			);
			runOnlyForDeploymentPostprocessing = 0;
		};
/* End PBXResourcesBuildPhase section */

/* Begin PBXSourcesBuildPhase section */
		D38763151A0A08310076C8ED /* Sources */ = {
			isa = PBXSourcesBuildPhase;
			buildActionMask = 2147483647;
			files = (
				D38763251A0A08310076C8ED /* ViewController.m in Sources */,
				D38763221A0A08310076C8ED /* AppDelegate.m in Sources */,
				D387631F1A0A08310076C8ED /* main.m in Sources */,
			);
			runOnlyForDeploymentPostprocessing = 0;
		};
		D387632E1A0A08310076C8ED /* Sources */ = {
			isa = PBXSourcesBuildPhase;
			buildActionMask = 2147483647;
			files = (
				D38763391A0A08310076C8ED /* NSDictionToObjectTests.m in Sources */,
			);
			runOnlyForDeploymentPostprocessing = 0;
		};
/* End PBXSourcesBuildPhase section */

/* Begin PBXTargetDependency section */
		D38763341A0A08310076C8ED /* PBXTargetDependency */ = {
			isa = PBXTargetDependency;
			target = D38763181A0A08310076C8ED /* NSDictionToObject */;
			targetProxy = D38763331A0A08310076C8ED /* PBXContainerItemProxy */;
		};
/* End PBXTargetDependency section */

/* Begin PBXVariantGroup section */
		D38763261A0A08310076C8ED /* Main.storyboard */ = {
			isa = PBXVariantGroup;
			children = (
				D38763271A0A08310076C8ED /* Base */,
			);
			name = Main.storyboard;
			sourceTree = "<group>";
		};
		D387632B1A0A08310076C8ED /* LaunchScreen.xib */ = {
			isa = PBXVariantGroup;
			children = (
				D387632C1A0A08310076C8ED /* Base */,
			);
			name = LaunchScreen.xib;
			sourceTree = "<group>";
		};
/* End PBXVariantGroup section */

/* Begin XCBuildConfiguration section */
		D387633A1A0A08310076C8ED /* Debug */ = {
			isa = XCBuildConfiguration;
			buildSettings = {
				ALWAYS_SEARCH_USER_PATHS = NO;
				CLANG_CXX_LANGUAGE_STANDARD = "gnu++0x";
				CLANG_CXX_LIBRARY = "libc++";
				CLANG_ENABLE_MODULES = YES;
				CLANG_ENABLE_OBJC_ARC = YES;
				CLANG_WARN_BOOL_CONVERSION = YES;
				CLANG_WARN_CONSTANT_CONVERSION = YES;
				CLANG_WARN_DIRECT_OBJC_ISA_USAGE = YES_ERROR;
				CLANG_WARN_EMPTY_BODY = YES;
				CLANG_WARN_ENUM_CONVERSION = YES;
				CLANG_WARN_INT_CONVERSION = YES;
				CLANG_WARN_OBJC_ROOT_CLASS = YES_ERROR;
				CLANG_WARN_UNREACHABLE_CODE = YES;
				CLANG_WARN__DUPLICATE_METHOD_MATCH = YES;
				"CODE_SIGN_IDENTITY[sdk=iphoneos*]" = "iPhone Developer";
				COPY_PHASE_STRIP = NO;
				ENABLE_STRICT_OBJC_MSGSEND = YES;
				GCC_C_LANGUAGE_STANDARD = gnu99;
				GCC_DYNAMIC_NO_PIC = NO;
				GCC_OPTIMIZATION_LEVEL = 0;
				GCC_PREPROCESSOR_DEFINITIONS = (
					"DEBUG=1",
					"$(inherited)",
				);
				GCC_SYMBOLS_PRIVATE_EXTERN = NO;
				GCC_WARN_64_TO_32_BIT_CONVERSION = YES;
				GCC_WARN_ABOUT_RETURN_TYPE = YES_ERROR;
				GCC_WARN_UNDECLARED_SELECTOR = YES;
				GCC_WARN_UNINITIALIZED_AUTOS = YES_AGGRESSIVE;
				GCC_WARN_UNUSED_FUNCTION = YES;
				GCC_WARN_UNUSED_VARIABLE = YES;
				IPHONEOS_DEPLOYMENT_TARGET = 8.1;
				MTL_ENABLE_DEBUG_INFO = YES;
				ONLY_ACTIVE_ARCH = YES;
				SDKROOT = iphoneos;
			};
			name = Debug;
		};
		D387633B1A0A08310076C8ED /* Release */ = {
			isa = XCBuildConfiguration;
			buildSettings = {
				ALWAYS_SEARCH_USER_PATHS = NO;
				CLANG_CXX_LANGUAGE_STANDARD = "gnu++0x";
				CLANG_CXX_LIBRARY = "libc++";
				CLANG_ENABLE_MODULES = YES;
				CLANG_ENABLE_OBJC_ARC = YES;
				CLANG_WARN_BOOL_CONVERSION = YES;
				CLANG_WARN_CONSTANT_CONVERSION = YES;
				CLANG_WARN_DIRECT_OBJC_ISA_USAGE = YES_ERROR;
				CLANG_WARN_EMPTY_BODY = YES;
				CLANG_WARN_ENUM_CONVERSION = YES;
				CLANG_WARN_INT_CONVERSION = YES;
				CLANG_WARN_OBJC_ROOT_CLASS = YES_ERROR;
				CLANG_WARN_UNREACHABLE_CODE = YES;
				CLANG_WARN__DUPLICATE_METHOD_MATCH = YES;
				"CODE_SIGN_IDENTITY[sdk=iphoneos*]" = "iPhone Developer";
				COPY_PHASE_STRIP = YES;
				ENABLE_NS_ASSERTIONS = NO;
				ENABLE_STRICT_OBJC_MSGSEND = YES;
				GCC_C_LANGUAGE_STANDARD = gnu99;
				GCC_WARN_64_TO_32_BIT_CONVERSION = YES;
				GCC_WARN_ABOUT_RETURN_TYPE = YES_ERROR;
				GCC_WARN_UNDECLARED_SELECTOR = YES;
				GCC_WARN_UNINITIALIZED_AUTOS = YES_AGGRESSIVE;
				GCC_WARN_UNUSED_FUNCTION = YES;
				GCC_WARN_UNUSED_VARIABLE = YES;
				IPHONEOS_DEPLOYMENT_TARGET = 8.1;
				MTL_ENABLE_DEBUG_INFO = NO;
				SDKROOT = iphoneos;
				VALIDATE_PRODUCT = YES;
			};
			name = Release;
		};
		D387633D1A0A08310076C8ED /* Debug */ = {
			isa = XCBuildConfiguration;
			buildSettings = {
				ASSETCATALOG_COMPILER_APPICON_NAME = AppIcon;
				INFOPLIST_FILE = NSDictionToObject/Info.plist;
				LD_RUNPATH_SEARCH_PATHS = "$(inherited) @executable_path/Frameworks";
				PRODUCT_NAME = "$(TARGET_NAME)";
			};
			name = Debug;
		};
		D387633E1A0A08310076C8ED /* Release */ = {
			isa = XCBuildConfiguration;
			buildSettings = {
				ASSETCATALOG_COMPILER_APPICON_NAME = AppIcon;
				INFOPLIST_FILE = NSDictionToObject/Info.plist;
				LD_RUNPATH_SEARCH_PATHS = "$(inherited) @executable_path/Frameworks";
				PRODUCT_NAME = "$(TARGET_NAME)";
			};
			name = Release;
		};
		D38763401A0A08310076C8ED /* Debug */ = {
			isa = XCBuildConfiguration;
			buildSettings = {
				BUNDLE_LOADER = "$(TEST_HOST)";
				FRAMEWORK_SEARCH_PATHS = (
					"$(SDKROOT)/Developer/Library/Frameworks",
					"$(inherited)",
				);
				GCC_PREPROCESSOR_DEFINITIONS = (
					"DEBUG=1",
					"$(inherited)",
				);
				INFOPLIST_FILE = NSDictionToObjectTests/Info.plist;
				LD_RUNPATH_SEARCH_PATHS = "$(inherited) @executable_path/Frameworks @loader_path/Frameworks";
				PRODUCT_NAME = "$(TARGET_NAME)";
				TEST_HOST = "$(BUILT_PRODUCTS_DIR)/NSDictionToObject.app/NSDictionToObject";
			};
			name = Debug;
		};
		D38763411A0A08310076C8ED /* Release */ = {
			isa = XCBuildConfiguration;
			buildSettings = {
				BUNDLE_LOADER = "$(TEST_HOST)";
				FRAMEWORK_SEARCH_PATHS = (
					"$(SDKROOT)/Developer/Library/Frameworks",
					"$(inherited)",
				);
				INFOPLIST_FILE = NSDictionToObjectTests/Info.plist;
				LD_RUNPATH_SEARCH_PATHS = "$(inherited) @executable_path/Frameworks @loader_path/Frameworks";
				PRODUCT_NAME = "$(TARGET_NAME)";
				TEST_HOST = "$(BUILT_PRODUCTS_DIR)/NSDictionToObject.app/NSDictionToObject";
			};
			name = Release;
		};
/* End XCBuildConfiguration section */

/* Begin XCConfigurationList section */
		D38763141A0A08310076C8ED /* Build configuration list for PBXProject "NSDictionToObject" */ = {
			isa = XCConfigurationList;
			buildConfigurations = (
				D387633A1A0A08310076C8ED /* Debug */,
				D387633B1A0A08310076C8ED /* Release */,
			);
			defaultConfigurationIsVisible = 0;
			defaultConfigurationName = Release;
		};
		D387633C1A0A08310076C8ED /* Build configuration list for PBXNativeTarget "NSDictionToObject" */ = {
			isa = XCConfigurationList;
			buildConfigurations = (
				D387633D1A0A08310076C8ED /* Debug */,
				D387633E1A0A08310076C8ED /* Release */,
			);
			defaultConfigurationIsVisible = 0;
		};
		D387633F1A0A08310076C8ED /* Build configuration list for PBXNativeTarget "NSDictionToObjectTests" */ = {
			isa = XCConfigurationList;
			buildConfigurations = (
				D38763401A0A08310076C8ED /* Debug */,
				D38763411A0A08310076C8ED /* Release */,
			);
			defaultConfigurationIsVisible = 0;
		};
/* End XCConfigurationList section */
	};
	rootObject = D38763111A0A08310076C8ED /* Project object */;
}
